
Microsoft Visual Studio Solution File, Format Version 12.00
# Visual Studio 14
VisualStudioVersion = 14.0.25420.1
MinimumVisualStudioVersion = 10.0.40219.1
Project("{8BC9CEB8-8B4A-11D0-8D11-00A0C91BC942}") = "LearnCPP", "LearnCPP\LearnCPP.vcxproj", "{FBC1C5BE-A223-4A88-B463-7B5DDBF97B8F}"
EndProject
Project("{8BC9CEB8-8B4A-11D0-8D11-00A0C91BC942}") = "Functions", "Functions\Functions.vcxproj", "{324CC535-6120-41AD-93BD-4FB8A89B6964}"
EndProject
Project("{8BC9CEB8-8B4A-11D0-8D11-00A0C91BC942}") = "ParametersArguments", "ParametersArguments\ParametersArguments.vcxproj", "{744D5C13-FB86-4632-8CB0-D4788D0643F6}"
EndProject
Project("{8BC9CEB8-8B4A-11D0-8D11-00A0C91BC942}") = "Calculator", "Calculator\Calculator.vcxproj", "{548DA64B-050B-405F-8D15-B4385ADD2F8F}"
EndProject
Project("{8BC9CEB8-8B4A-11D0-8D11-00A0C91BC942}") = "QuizSection1", "QuizSection1\QuizSection1.vcxproj", "{EC4837A3-0F46-4A05-87BA-64EC0F06D9D1}"
EndProject
Project("{2150E333-8FDC-42A3-9474-1A3956D46DE8}") = "Section 01", "Section 01", "{A51C7A51-BCC2-45C7-AEEF-A0B2DB8BFDF8}"
EndProject
Project("{2150E333-8FDC-42A3-9474-1A3956D46DE8}") = "Section 02", "Section 02", "{490C0F2C-9431-42F9-B6B5-599D5DC0368E}"
EndProject
Project("{8BC9CEB8-8B4A-11D0-8D11-00A0C91BC942}") = "SizeOfVariables", "SizeOfVariables\SizeOfVariables.vcxproj", "{9AA20B14-68CF-442D-BCD6-E7D6C8D12DC1}"
EndProject
Project("{8BC9CEB8-8B4A-11D0-8D11-00A0C91BC942}") = "FloatingPointNumber", "FloatingPointNumber\FloatingPointNumber.vcxproj", "{DD72BA6F-E969-4555-A498-F62910657ABB}"
EndProject
Project("{8BC9CEB8-8B4A-11D0-8D11-00A0C91BC942}") = "Booleans", "Booleans\Booleans.vcxproj", "{7938627B-1D96-4DA2-A9FC-FD1B29EDFCCA}"
EndProject
Project("{8BC9CEB8-8B4A-11D0-8D11-00A0C91BC942}") = "IfStatements", "IfStatements\IfStatements.vcxproj", "{5AC69F03-EC35-4A88-ACAA-907D3C07D24E}"
EndProject
Project("{8BC9CEB8-8B4A-11D0-8D11-00A0C91BC942}") = "PrimeNumberQuiz", "PrimeNumberQuiz\PrimeNumberQuiz.vcxproj", "{E7E38CED-DB49-4F56-8758-B25357B729B9}"
EndProject
Project("{8BC9CEB8-8B4A-11D0-8D11-00A0C91BC942}") = "Quiz_2-01", "Quiz_01\Quiz_01.vcxproj", "{C7A3B276-13A9-4295-8E01-177B63C7C45B}"
EndProject
Project("{8BC9CEB8-8B4A-11D0-8D11-00A0C91BC942}") = "Quiz_2-02", "Quiz02\Quiz02.vcxproj", "{62ADD2F2-5132-42A0-A026-873571C3E035}"
EndProject
Project("{2150E333-8FDC-42A3-9474-1A3956D46DE8}") = "Section 03", "Section 03", "{76BBCB57-71A4-48C2-9C92-523C7C4F5BF2}"
EndProject
Project("{8BC9CEB8-8B4A-11D0-8D11-00A0C91BC942}") = "arithmeticOperators", "arithmeticOperators\arithmeticOperators.vcxproj", "{91266B13-91ED-4A49-80A4-9EC13D8F62AA}"
EndProject
Project("{8BC9CEB8-8B4A-11D0-8D11-00A0C91BC942}") = "LogicalOperators", "LogicalOperators\LogicalOperators.vcxproj", "{C5FBC8D9-2939-4093-8A13-DA71253F3ED8}"
EndProject
Project("{8BC9CEB8-8B4A-11D0-8D11-00A0C91BC942}") = "Convert2Binary", "Convert2Binary\Convert2Binary.vcxproj", "{56A0A9D2-D1E3-4509-88A0-2D8EDA41273D}"
EndProject
Project("{2150E333-8FDC-42A3-9474-1A3956D46DE8}") = "Section 04", "Section 04", "{85DF333E-957F-4550-A210-75922496A586}"
EndProject
Project("{8BC9CEB8-8B4A-11D0-8D11-00A0C91BC942}") = "LocalScopeQuiz", "LocalScopeQuiz\LocalScopeQuiz.vcxproj", "{7032464D-933F-4167-B050-E94369758C56}"
EndProject
Project("{8BC9CEB8-8B4A-11D0-8D11-00A0C91BC942}") = "StaticVariables", "StaticVariables\StaticVariables.vcxproj", "{41A2DCC0-7183-4CC5-B40A-DFDC0D9DF83A}"
EndProject
Project("{8BC9CEB8-8B4A-11D0-8D11-00A0C91BC942}") = "NameSpaces", "NameSpaces\NameSpaces.vcxproj", "{12F2C46D-6C17-4BF4-AFA2-D8BCF0F7E918}"
EndProject
Project("{8BC9CEB8-8B4A-11D0-8D11-00A0C91BC942}") = "StdString", "StdString\StdString.vcxproj", "{6A500FEF-675F-4000-BF9B-34EF56C9CDC0}"
EndProject
Project("{8BC9CEB8-8B4A-11D0-8D11-00A0C91BC942}") = "Enums", "Enums\Enums.vcxproj", "{E2CCC71E-D5C6-4B41-8146-4B8625531CD4}"
EndProject
Project("{8BC9CEB8-8B4A-11D0-8D11-00A0C91BC942}") = "Typedefs", "Typedefs\Typedefs.vcxproj", "{F9853D2D-7D7E-46C5-9F61-15F4AF1F3180}"
EndProject
Project("{8BC9CEB8-8B4A-11D0-8D11-00A0C91BC942}") = "Structs", "Structs\Structs.vcxproj", "{35D8CC09-305F-414D-BECD-4233208F1226}"
EndProject
Project("{8BC9CEB8-8B4A-11D0-8D11-00A0C91BC942}") = "Structs-Quiz", "Structs-Quiz\Structs-Quiz.vcxproj", "{22E354A8-54C3-43F4-BFE2-D96920C3942A}"
EndProject
Project("{8BC9CEB8-8B4A-11D0-8D11-00A0C91BC942}") = "AutoKeyword", "AutoKeyword\AutoKeyword.vcxproj", "{746DDB1B-574B-469E-9B52-0D37F78AC964}"
EndProject
Project("{8BC9CEB8-8B4A-11D0-8D11-00A0C91BC942}") = "Section04Quiz", "Section04Quiz\Section04Quiz.vcxproj", "{399A8C6A-9BD0-4A98-A165-AD59B7A6F283}"
EndProject
Project("{2150E333-8FDC-42A3-9474-1A3956D46DE8}") = "Section 05", "Section 05", "{6BF2BBDB-F9F7-43B5-A689-495FD0686AA2}"
EndProject
Project("{8BC9CEB8-8B4A-11D0-8D11-00A0C91BC942}") = "SwitchStatements", "SwitchStatements\SwitchStatements.vcxproj", "{AC83BB52-7C6B-48AC-BF81-B2BF1158134E}"
EndProject
Project("{8BC9CEB8-8B4A-11D0-8D11-00A0C91BC942}") = "SwitchQuiz", "SwitchQuiz\SwitchQuiz.vcxproj", "{251227EF-5047-42CA-B559-11E7B16458D4}"
EndProject
Project("{8BC9CEB8-8B4A-11D0-8D11-00A0C91BC942}") = "While", "While\While.vcxproj", "{2F13AB02-DD50-48C0-B212-0F62D16EB879}"
EndProject
Project("{8BC9CEB8-8B4A-11D0-8D11-00A0C91BC942}") = "DoWhile", "DoWhile\DoWhile.vcxproj", "{32B776CC-88E6-424B-BBB6-6BC745F095C7}"
EndProject
Project("{8BC9CEB8-8B4A-11D0-8D11-00A0C91BC942}") = "ForLoop", "ForLoop\ForLoop.vcxproj", "{2A635483-EF26-480D-B1AF-96DCB2127CE8}"
EndProject
Project("{8BC9CEB8-8B4A-11D0-8D11-00A0C91BC942}") = "BreakAndContinue", "BreakAndContinue\BreakAndContinue.vcxproj", "{84B55895-B8E5-4E5D-886D-D2930161776B}"
EndProject
Project("{8BC9CEB8-8B4A-11D0-8D11-00A0C91BC942}") = "RNG", "RNG\RNG.vcxproj", "{5A6B1EA9-07F0-4712-B9A4-B899E9F78967}"
EndProject
Project("{8BC9CEB8-8B4A-11D0-8D11-00A0C91BC942}") = "InputValidation", "InputValidation\InputValidation.vcxproj", "{C6483E91-768C-40E8-BB11-E2534CD02310}"
EndProject
Project("{8BC9CEB8-8B4A-11D0-8D11-00A0C91BC942}") = "Quiz_5-01", "Quiz01\Quiz01.vcxproj", "{BFCA974F-60E4-4F3C-A957-9750AF9609C4}"
EndProject
Project("{8BC9CEB8-8B4A-11D0-8D11-00A0C91BC942}") = "Quiz_5-02", "Quiz_5-02\Quiz_5-02.vcxproj", "{A7E43985-328C-44AF-9FBF-9F944C06CF59}"
EndProject
Project("{2150E333-8FDC-42A3-9474-1A3956D46DE8}") = "Section 06", "Section 06", "{E7A7E0BC-AEEE-4984-9BB2-58BB698B4DCA}"
EndProject
Project("{8BC9CEB8-8B4A-11D0-8D11-00A0C91BC942}") = "Arrays", "Arrays\Arrays.vcxproj", "{58078B0B-0D00-4FD6-9436-4C5AA44B4CF2}"
EndProject
Project("{8BC9CEB8-8B4A-11D0-8D11-00A0C91BC942}") = "ArrayQuiz", "ArrayQuiz\ArrayQuiz.vcxproj", "{3E40257B-26B4-4A4F-9718-F6AF39970C22}"
EndProject
Project("{8BC9CEB8-8B4A-11D0-8D11-00A0C91BC942}") = "ArrayLoopQuiz", "ArrayLoopQuiz\ArrayLoopQuiz.vcxproj", "{EC058155-BBBA-46AC-A164-B4EC5B6C02F2}"
EndProject
Global
	GlobalSection(SolutionConfigurationPlatforms) = preSolution
		Debug|x64 = Debug|x64
		Debug|x86 = Debug|x86
		Release|x64 = Release|x64
		Release|x86 = Release|x86
	EndGlobalSection
	GlobalSection(ProjectConfigurationPlatforms) = postSolution
		{FBC1C5BE-A223-4A88-B463-7B5DDBF97B8F}.Debug|x64.ActiveCfg = Debug|x64
		{FBC1C5BE-A223-4A88-B463-7B5DDBF97B8F}.Debug|x64.Build.0 = Debug|x64
		{FBC1C5BE-A223-4A88-B463-7B5DDBF97B8F}.Debug|x86.ActiveCfg = Debug|Win32
		{FBC1C5BE-A223-4A88-B463-7B5DDBF97B8F}.Debug|x86.Build.0 = Debug|Win32
		{FBC1C5BE-A223-4A88-B463-7B5DDBF97B8F}.Release|x64.ActiveCfg = Release|x64
		{FBC1C5BE-A223-4A88-B463-7B5DDBF97B8F}.Release|x64.Build.0 = Release|x64
		{FBC1C5BE-A223-4A88-B463-7B5DDBF97B8F}.Release|x86.ActiveCfg = Release|Win32
		{FBC1C5BE-A223-4A88-B463-7B5DDBF97B8F}.Release|x86.Build.0 = Release|Win32
		{324CC535-6120-41AD-93BD-4FB8A89B6964}.Debug|x64.ActiveCfg = Debug|x64
		{324CC535-6120-41AD-93BD-4FB8A89B6964}.Debug|x64.Build.0 = Debug|x64
		{324CC535-6120-41AD-93BD-4FB8A89B6964}.Debug|x86.ActiveCfg = Debug|Win32
		{324CC535-6120-41AD-93BD-4FB8A89B6964}.Debug|x86.Build.0 = Debug|Win32
		{324CC535-6120-41AD-93BD-4FB8A89B6964}.Release|x64.ActiveCfg = Release|x64
		{324CC535-6120-41AD-93BD-4FB8A89B6964}.Release|x64.Build.0 = Release|x64
		{324CC535-6120-41AD-93BD-4FB8A89B6964}.Release|x86.ActiveCfg = Release|Win32
		{324CC535-6120-41AD-93BD-4FB8A89B6964}.Release|x86.Build.0 = Release|Win32
		{744D5C13-FB86-4632-8CB0-D4788D0643F6}.Debug|x64.ActiveCfg = Debug|x64
		{744D5C13-FB86-4632-8CB0-D4788D0643F6}.Debug|x64.Build.0 = Debug|x64
		{744D5C13-FB86-4632-8CB0-D4788D0643F6}.Debug|x86.ActiveCfg = Debug|Win32
		{744D5C13-FB86-4632-8CB0-D4788D0643F6}.Debug|x86.Build.0 = Debug|Win32
		{744D5C13-FB86-4632-8CB0-D4788D0643F6}.Release|x64.ActiveCfg = Release|x64
		{744D5C13-FB86-4632-8CB0-D4788D0643F6}.Release|x64.Build.0 = Release|x64
		{744D5C13-FB86-4632-8CB0-D4788D0643F6}.Release|x86.ActiveCfg = Release|Win32
		{744D5C13-FB86-4632-8CB0-D4788D0643F6}.Release|x86.Build.0 = Release|Win32
		{548DA64B-050B-405F-8D15-B4385ADD2F8F}.Debug|x64.ActiveCfg = Debug|x64
		{548DA64B-050B-405F-8D15-B4385ADD2F8F}.Debug|x64.Build.0 = Debug|x64
		{548DA64B-050B-405F-8D15-B4385ADD2F8F}.Debug|x86.ActiveCfg = Debug|Win32
		{548DA64B-050B-405F-8D15-B4385ADD2F8F}.Debug|x86.Build.0 = Debug|Win32
		{548DA64B-050B-405F-8D15-B4385ADD2F8F}.Release|x64.ActiveCfg = Release|x64
		{548DA64B-050B-405F-8D15-B4385ADD2F8F}.Release|x64.Build.0 = Release|x64
		{548DA64B-050B-405F-8D15-B4385ADD2F8F}.Release|x86.ActiveCfg = Release|Win32
		{548DA64B-050B-405F-8D15-B4385ADD2F8F}.Release|x86.Build.0 = Release|Win32
		{EC4837A3-0F46-4A05-87BA-64EC0F06D9D1}.Debug|x64.ActiveCfg = Debug|x64
		{EC4837A3-0F46-4A05-87BA-64EC0F06D9D1}.Debug|x64.Build.0 = Debug|x64
		{EC4837A3-0F46-4A05-87BA-64EC0F06D9D1}.Debug|x86.ActiveCfg = Debug|Win32
		{EC4837A3-0F46-4A05-87BA-64EC0F06D9D1}.Debug|x86.Build.0 = Debug|Win32
		{EC4837A3-0F46-4A05-87BA-64EC0F06D9D1}.Release|x64.ActiveCfg = Release|x64
		{EC4837A3-0F46-4A05-87BA-64EC0F06D9D1}.Release|x64.Build.0 = Release|x64
		{EC4837A3-0F46-4A05-87BA-64EC0F06D9D1}.Release|x86.ActiveCfg = Release|Win32
		{EC4837A3-0F46-4A05-87BA-64EC0F06D9D1}.Release|x86.Build.0 = Release|Win32
		{9AA20B14-68CF-442D-BCD6-E7D6C8D12DC1}.Debug|x64.ActiveCfg = Debug|x64
		{9AA20B14-68CF-442D-BCD6-E7D6C8D12DC1}.Debug|x64.Build.0 = Debug|x64
		{9AA20B14-68CF-442D-BCD6-E7D6C8D12DC1}.Debug|x86.ActiveCfg = Debug|Win32
		{9AA20B14-68CF-442D-BCD6-E7D6C8D12DC1}.Debug|x86.Build.0 = Debug|Win32
		{9AA20B14-68CF-442D-BCD6-E7D6C8D12DC1}.Release|x64.ActiveCfg = Release|x64
		{9AA20B14-68CF-442D-BCD6-E7D6C8D12DC1}.Release|x64.Build.0 = Release|x64
		{9AA20B14-68CF-442D-BCD6-E7D6C8D12DC1}.Release|x86.ActiveCfg = Release|Win32
		{9AA20B14-68CF-442D-BCD6-E7D6C8D12DC1}.Release|x86.Build.0 = Release|Win32
		{DD72BA6F-E969-4555-A498-F62910657ABB}.Debug|x64.ActiveCfg = Debug|x64
		{DD72BA6F-E969-4555-A498-F62910657ABB}.Debug|x64.Build.0 = Debug|x64
		{DD72BA6F-E969-4555-A498-F62910657ABB}.Debug|x86.ActiveCfg = Debug|Win32
		{DD72BA6F-E969-4555-A498-F62910657ABB}.Debug|x86.Build.0 = Debug|Win32
		{DD72BA6F-E969-4555-A498-F62910657ABB}.Release|x64.ActiveCfg = Release|x64
		{DD72BA6F-E969-4555-A498-F62910657ABB}.Release|x64.Build.0 = Release|x64
		{DD72BA6F-E969-4555-A498-F62910657ABB}.Release|x86.ActiveCfg = Release|Win32
		{DD72BA6F-E969-4555-A498-F62910657ABB}.Release|x86.Build.0 = Release|Win32
		{7938627B-1D96-4DA2-A9FC-FD1B29EDFCCA}.Debug|x64.ActiveCfg = Debug|x64
		{7938627B-1D96-4DA2-A9FC-FD1B29EDFCCA}.Debug|x64.Build.0 = Debug|x64
		{7938627B-1D96-4DA2-A9FC-FD1B29EDFCCA}.Debug|x86.ActiveCfg = Debug|Win32
		{7938627B-1D96-4DA2-A9FC-FD1B29EDFCCA}.Debug|x86.Build.0 = Debug|Win32
		{7938627B-1D96-4DA2-A9FC-FD1B29EDFCCA}.Release|x64.ActiveCfg = Release|x64
		{7938627B-1D96-4DA2-A9FC-FD1B29EDFCCA}.Release|x64.Build.0 = Release|x64
		{7938627B-1D96-4DA2-A9FC-FD1B29EDFCCA}.Release|x86.ActiveCfg = Release|Win32
		{7938627B-1D96-4DA2-A9FC-FD1B29EDFCCA}.Release|x86.Build.0 = Release|Win32
		{5AC69F03-EC35-4A88-ACAA-907D3C07D24E}.Debug|x64.ActiveCfg = Debug|x64
		{5AC69F03-EC35-4A88-ACAA-907D3C07D24E}.Debug|x64.Build.0 = Debug|x64
		{5AC69F03-EC35-4A88-ACAA-907D3C07D24E}.Debug|x86.ActiveCfg = Debug|Win32
		{5AC69F03-EC35-4A88-ACAA-907D3C07D24E}.Debug|x86.Build.0 = Debug|Win32
		{5AC69F03-EC35-4A88-ACAA-907D3C07D24E}.Release|x64.ActiveCfg = Release|x64
		{5AC69F03-EC35-4A88-ACAA-907D3C07D24E}.Release|x64.Build.0 = Release|x64
		{5AC69F03-EC35-4A88-ACAA-907D3C07D24E}.Release|x86.ActiveCfg = Release|Win32
		{5AC69F03-EC35-4A88-ACAA-907D3C07D24E}.Release|x86.Build.0 = Release|Win32
		{E7E38CED-DB49-4F56-8758-B25357B729B9}.Debug|x64.ActiveCfg = Debug|x64
		{E7E38CED-DB49-4F56-8758-B25357B729B9}.Debug|x64.Build.0 = Debug|x64
		{E7E38CED-DB49-4F56-8758-B25357B729B9}.Debug|x86.ActiveCfg = Debug|Win32
		{E7E38CED-DB49-4F56-8758-B25357B729B9}.Debug|x86.Build.0 = Debug|Win32
		{E7E38CED-DB49-4F56-8758-B25357B729B9}.Release|x64.ActiveCfg = Release|x64
		{E7E38CED-DB49-4F56-8758-B25357B729B9}.Release|x64.Build.0 = Release|x64
		{E7E38CED-DB49-4F56-8758-B25357B729B9}.Release|x86.ActiveCfg = Release|Win32
		{E7E38CED-DB49-4F56-8758-B25357B729B9}.Release|x86.Build.0 = Release|Win32
		{C7A3B276-13A9-4295-8E01-177B63C7C45B}.Debug|x64.ActiveCfg = Debug|x64
		{C7A3B276-13A9-4295-8E01-177B63C7C45B}.Debug|x64.Build.0 = Debug|x64
		{C7A3B276-13A9-4295-8E01-177B63C7C45B}.Debug|x86.ActiveCfg = Debug|Win32
		{C7A3B276-13A9-4295-8E01-177B63C7C45B}.Debug|x86.Build.0 = Debug|Win32
		{C7A3B276-13A9-4295-8E01-177B63C7C45B}.Release|x64.ActiveCfg = Release|x64
		{C7A3B276-13A9-4295-8E01-177B63C7C45B}.Release|x64.Build.0 = Release|x64
		{C7A3B276-13A9-4295-8E01-177B63C7C45B}.Release|x86.ActiveCfg = Release|Win32
		{C7A3B276-13A9-4295-8E01-177B63C7C45B}.Release|x86.Build.0 = Release|Win32
		{62ADD2F2-5132-42A0-A026-873571C3E035}.Debug|x64.ActiveCfg = Debug|x64
		{62ADD2F2-5132-42A0-A026-873571C3E035}.Debug|x64.Build.0 = Debug|x64
		{62ADD2F2-5132-42A0-A026-873571C3E035}.Debug|x86.ActiveCfg = Debug|Win32
		{62ADD2F2-5132-42A0-A026-873571C3E035}.Debug|x86.Build.0 = Debug|Win32
		{62ADD2F2-5132-42A0-A026-873571C3E035}.Release|x64.ActiveCfg = Release|x64
		{62ADD2F2-5132-42A0-A026-873571C3E035}.Release|x64.Build.0 = Release|x64
		{62ADD2F2-5132-42A0-A026-873571C3E035}.Release|x86.ActiveCfg = Release|Win32
		{62ADD2F2-5132-42A0-A026-873571C3E035}.Release|x86.Build.0 = Release|Win32
		{91266B13-91ED-4A49-80A4-9EC13D8F62AA}.Debug|x64.ActiveCfg = Debug|x64
		{91266B13-91ED-4A49-80A4-9EC13D8F62AA}.Debug|x64.Build.0 = Debug|x64
		{91266B13-91ED-4A49-80A4-9EC13D8F62AA}.Debug|x86.ActiveCfg = Debug|Win32
		{91266B13-91ED-4A49-80A4-9EC13D8F62AA}.Debug|x86.Build.0 = Debug|Win32
		{91266B13-91ED-4A49-80A4-9EC13D8F62AA}.Release|x64.ActiveCfg = Release|x64
		{91266B13-91ED-4A49-80A4-9EC13D8F62AA}.Release|x64.Build.0 = Release|x64
		{91266B13-91ED-4A49-80A4-9EC13D8F62AA}.Release|x86.ActiveCfg = Release|Win32
		{91266B13-91ED-4A49-80A4-9EC13D8F62AA}.Release|x86.Build.0 = Release|Win32
		{C5FBC8D9-2939-4093-8A13-DA71253F3ED8}.Debug|x64.ActiveCfg = Debug|x64
		{C5FBC8D9-2939-4093-8A13-DA71253F3ED8}.Debug|x64.Build.0 = Debug|x64
		{C5FBC8D9-2939-4093-8A13-DA71253F3ED8}.Debug|x86.ActiveCfg = Debug|Win32
		{C5FBC8D9-2939-4093-8A13-DA71253F3ED8}.Debug|x86.Build.0 = Debug|Win32
		{C5FBC8D9-2939-4093-8A13-DA71253F3ED8}.Release|x64.ActiveCfg = Release|x64
		{C5FBC8D9-2939-4093-8A13-DA71253F3ED8}.Release|x64.Build.0 = Release|x64
		{C5FBC8D9-2939-4093-8A13-DA71253F3ED8}.Release|x86.ActiveCfg = Release|Win32
		{C5FBC8D9-2939-4093-8A13-DA71253F3ED8}.Release|x86.Build.0 = Release|Win32
		{56A0A9D2-D1E3-4509-88A0-2D8EDA41273D}.Debug|x64.ActiveCfg = Debug|x64
		{56A0A9D2-D1E3-4509-88A0-2D8EDA41273D}.Debug|x64.Build.0 = Debug|x64
		{56A0A9D2-D1E3-4509-88A0-2D8EDA41273D}.Debug|x86.ActiveCfg = Debug|Win32
		{56A0A9D2-D1E3-4509-88A0-2D8EDA41273D}.Debug|x86.Build.0 = Debug|Win32
		{56A0A9D2-D1E3-4509-88A0-2D8EDA41273D}.Release|x64.ActiveCfg = Release|x64
		{56A0A9D2-D1E3-4509-88A0-2D8EDA41273D}.Release|x64.Build.0 = Release|x64
		{56A0A9D2-D1E3-4509-88A0-2D8EDA41273D}.Release|x86.ActiveCfg = Release|Win32
		{56A0A9D2-D1E3-4509-88A0-2D8EDA41273D}.Release|x86.Build.0 = Release|Win32
		{7032464D-933F-4167-B050-E94369758C56}.Debug|x64.ActiveCfg = Debug|x64
		{7032464D-933F-4167-B050-E94369758C56}.Debug|x64.Build.0 = Debug|x64
		{7032464D-933F-4167-B050-E94369758C56}.Debug|x86.ActiveCfg = Debug|Win32
		{7032464D-933F-4167-B050-E94369758C56}.Debug|x86.Build.0 = Debug|Win32
		{7032464D-933F-4167-B050-E94369758C56}.Release|x64.ActiveCfg = Release|x64
		{7032464D-933F-4167-B050-E94369758C56}.Release|x64.Build.0 = Release|x64
		{7032464D-933F-4167-B050-E94369758C56}.Release|x86.ActiveCfg = Release|Win32
		{7032464D-933F-4167-B050-E94369758C56}.Release|x86.Build.0 = Release|Win32
		{41A2DCC0-7183-4CC5-B40A-DFDC0D9DF83A}.Debug|x64.ActiveCfg = Debug|x64
		{41A2DCC0-7183-4CC5-B40A-DFDC0D9DF83A}.Debug|x64.Build.0 = Debug|x64
		{41A2DCC0-7183-4CC5-B40A-DFDC0D9DF83A}.Debug|x86.ActiveCfg = Debug|Win32
		{41A2DCC0-7183-4CC5-B40A-DFDC0D9DF83A}.Debug|x86.Build.0 = Debug|Win32
		{41A2DCC0-7183-4CC5-B40A-DFDC0D9DF83A}.Release|x64.ActiveCfg = Release|x64
		{41A2DCC0-7183-4CC5-B40A-DFDC0D9DF83A}.Release|x64.Build.0 = Release|x64
		{41A2DCC0-7183-4CC5-B40A-DFDC0D9DF83A}.Release|x86.ActiveCfg = Release|Win32
		{41A2DCC0-7183-4CC5-B40A-DFDC0D9DF83A}.Release|x86.Build.0 = Release|Win32
		{12F2C46D-6C17-4BF4-AFA2-D8BCF0F7E918}.Debug|x64.ActiveCfg = Debug|x64
		{12F2C46D-6C17-4BF4-AFA2-D8BCF0F7E918}.Debug|x64.Build.0 = Debug|x64
		{12F2C46D-6C17-4BF4-AFA2-D8BCF0F7E918}.Debug|x86.ActiveCfg = Debug|Win32
		{12F2C46D-6C17-4BF4-AFA2-D8BCF0F7E918}.Debug|x86.Build.0 = Debug|Win32
		{12F2C46D-6C17-4BF4-AFA2-D8BCF0F7E918}.Release|x64.ActiveCfg = Release|x64
		{12F2C46D-6C17-4BF4-AFA2-D8BCF0F7E918}.Release|x64.Build.0 = Release|x64
		{12F2C46D-6C17-4BF4-AFA2-D8BCF0F7E918}.Release|x86.ActiveCfg = Release|Win32
		{12F2C46D-6C17-4BF4-AFA2-D8BCF0F7E918}.Release|x86.Build.0 = Release|Win32
		{6A500FEF-675F-4000-BF9B-34EF56C9CDC0}.Debug|x64.ActiveCfg = Debug|x64
		{6A500FEF-675F-4000-BF9B-34EF56C9CDC0}.Debug|x64.Build.0 = Debug|x64
		{6A500FEF-675F-4000-BF9B-34EF56C9CDC0}.Debug|x86.ActiveCfg = Debug|Win32
		{6A500FEF-675F-4000-BF9B-34EF56C9CDC0}.Debug|x86.Build.0 = Debug|Win32
		{6A500FEF-675F-4000-BF9B-34EF56C9CDC0}.Release|x64.ActiveCfg = Release|x64
		{6A500FEF-675F-4000-BF9B-34EF56C9CDC0}.Release|x64.Build.0 = Release|x64
		{6A500FEF-675F-4000-BF9B-34EF56C9CDC0}.Release|x86.ActiveCfg = Release|Win32
		{6A500FEF-675F-4000-BF9B-34EF56C9CDC0}.Release|x86.Build.0 = Release|Win32
		{E2CCC71E-D5C6-4B41-8146-4B8625531CD4}.Debug|x64.ActiveCfg = Debug|x64
		{E2CCC71E-D5C6-4B41-8146-4B8625531CD4}.Debug|x64.Build.0 = Debug|x64
		{E2CCC71E-D5C6-4B41-8146-4B8625531CD4}.Debug|x86.ActiveCfg = Debug|Win32
		{E2CCC71E-D5C6-4B41-8146-4B8625531CD4}.Debug|x86.Build.0 = Debug|Win32
		{E2CCC71E-D5C6-4B41-8146-4B8625531CD4}.Release|x64.ActiveCfg = Release|x64
		{E2CCC71E-D5C6-4B41-8146-4B8625531CD4}.Release|x64.Build.0 = Release|x64
		{E2CCC71E-D5C6-4B41-8146-4B8625531CD4}.Release|x86.ActiveCfg = Release|Win32
		{E2CCC71E-D5C6-4B41-8146-4B8625531CD4}.Release|x86.Build.0 = Release|Win32
		{F9853D2D-7D7E-46C5-9F61-15F4AF1F3180}.Debug|x64.ActiveCfg = Debug|x64
		{F9853D2D-7D7E-46C5-9F61-15F4AF1F3180}.Debug|x64.Build.0 = Debug|x64
		{F9853D2D-7D7E-46C5-9F61-15F4AF1F3180}.Debug|x86.ActiveCfg = Debug|Win32
		{F9853D2D-7D7E-46C5-9F61-15F4AF1F3180}.Debug|x86.Build.0 = Debug|Win32
		{F9853D2D-7D7E-46C5-9F61-15F4AF1F3180}.Release|x64.ActiveCfg = Release|x64
		{F9853D2D-7D7E-46C5-9F61-15F4AF1F3180}.Release|x64.Build.0 = Release|x64
		{F9853D2D-7D7E-46C5-9F61-15F4AF1F3180}.Release|x86.ActiveCfg = Release|Win32
		{F9853D2D-7D7E-46C5-9F61-15F4AF1F3180}.Release|x86.Build.0 = Release|Win32
		{35D8CC09-305F-414D-BECD-4233208F1226}.Debug|x64.ActiveCfg = Debug|x64
		{35D8CC09-305F-414D-BECD-4233208F1226}.Debug|x64.Build.0 = Debug|x64
		{35D8CC09-305F-414D-BECD-4233208F1226}.Debug|x86.ActiveCfg = Debug|Win32
		{35D8CC09-305F-414D-BECD-4233208F1226}.Debug|x86.Build.0 = Debug|Win32
		{35D8CC09-305F-414D-BECD-4233208F1226}.Release|x64.ActiveCfg = Release|x64
		{35D8CC09-305F-414D-BECD-4233208F1226}.Release|x64.Build.0 = Release|x64
		{35D8CC09-305F-414D-BECD-4233208F1226}.Release|x86.ActiveCfg = Release|Win32
		{35D8CC09-305F-414D-BECD-4233208F1226}.Release|x86.Build.0 = Release|Win32
		{22E354A8-54C3-43F4-BFE2-D96920C3942A}.Debug|x64.ActiveCfg = Debug|x64
		{22E354A8-54C3-43F4-BFE2-D96920C3942A}.Debug|x64.Build.0 = Debug|x64
		{22E354A8-54C3-43F4-BFE2-D96920C3942A}.Debug|x86.ActiveCfg = Debug|Win32
		{22E354A8-54C3-43F4-BFE2-D96920C3942A}.Debug|x86.Build.0 = Debug|Win32
		{22E354A8-54C3-43F4-BFE2-D96920C3942A}.Release|x64.ActiveCfg = Release|x64
		{22E354A8-54C3-43F4-BFE2-D96920C3942A}.Release|x64.Build.0 = Release|x64
		{22E354A8-54C3-43F4-BFE2-D96920C3942A}.Release|x86.ActiveCfg = Release|Win32
		{22E354A8-54C3-43F4-BFE2-D96920C3942A}.Release|x86.Build.0 = Release|Win32
		{746DDB1B-574B-469E-9B52-0D37F78AC964}.Debug|x64.ActiveCfg = Debug|x64
		{746DDB1B-574B-469E-9B52-0D37F78AC964}.Debug|x64.Build.0 = Debug|x64
		{746DDB1B-574B-469E-9B52-0D37F78AC964}.Debug|x86.ActiveCfg = Debug|Win32
		{746DDB1B-574B-469E-9B52-0D37F78AC964}.Debug|x86.Build.0 = Debug|Win32
		{746DDB1B-574B-469E-9B52-0D37F78AC964}.Release|x64.ActiveCfg = Release|x64
		{746DDB1B-574B-469E-9B52-0D37F78AC964}.Release|x64.Build.0 = Release|x64
		{746DDB1B-574B-469E-9B52-0D37F78AC964}.Release|x86.ActiveCfg = Release|Win32
		{746DDB1B-574B-469E-9B52-0D37F78AC964}.Release|x86.Build.0 = Release|Win32
		{399A8C6A-9BD0-4A98-A165-AD59B7A6F283}.Debug|x64.ActiveCfg = Debug|x64
		{399A8C6A-9BD0-4A98-A165-AD59B7A6F283}.Debug|x64.Build.0 = Debug|x64
		{399A8C6A-9BD0-4A98-A165-AD59B7A6F283}.Debug|x86.ActiveCfg = Debug|Win32
		{399A8C6A-9BD0-4A98-A165-AD59B7A6F283}.Debug|x86.Build.0 = Debug|Win32
		{399A8C6A-9BD0-4A98-A165-AD59B7A6F283}.Release|x64.ActiveCfg = Release|x64
		{399A8C6A-9BD0-4A98-A165-AD59B7A6F283}.Release|x64.Build.0 = Release|x64
		{399A8C6A-9BD0-4A98-A165-AD59B7A6F283}.Release|x86.ActiveCfg = Release|Win32
		{399A8C6A-9BD0-4A98-A165-AD59B7A6F283}.Release|x86.Build.0 = Release|Win32
		{AC83BB52-7C6B-48AC-BF81-B2BF1158134E}.Debug|x64.ActiveCfg = Debug|x64
		{AC83BB52-7C6B-48AC-BF81-B2BF1158134E}.Debug|x64.Build.0 = Debug|x64
		{AC83BB52-7C6B-48AC-BF81-B2BF1158134E}.Debug|x86.ActiveCfg = Debug|Win32
		{AC83BB52-7C6B-48AC-BF81-B2BF1158134E}.Debug|x86.Build.0 = Debug|Win32
		{AC83BB52-7C6B-48AC-BF81-B2BF1158134E}.Release|x64.ActiveCfg = Release|x64
		{AC83BB52-7C6B-48AC-BF81-B2BF1158134E}.Release|x64.Build.0 = Release|x64
		{AC83BB52-7C6B-48AC-BF81-B2BF1158134E}.Release|x86.ActiveCfg = Release|Win32
		{AC83BB52-7C6B-48AC-BF81-B2BF1158134E}.Release|x86.Build.0 = Release|Win32
		{251227EF-5047-42CA-B559-11E7B16458D4}.Debug|x64.ActiveCfg = Debug|x64
		{251227EF-5047-42CA-B559-11E7B16458D4}.Debug|x64.Build.0 = Debug|x64
		{251227EF-5047-42CA-B559-11E7B16458D4}.Debug|x86.ActiveCfg = Debug|Win32
		{251227EF-5047-42CA-B559-11E7B16458D4}.Debug|x86.Build.0 = Debug|Win32
		{251227EF-5047-42CA-B559-11E7B16458D4}.Release|x64.ActiveCfg = Release|x64
		{251227EF-5047-42CA-B559-11E7B16458D4}.Release|x64.Build.0 = Release|x64
		{251227EF-5047-42CA-B559-11E7B16458D4}.Release|x86.ActiveCfg = Release|Win32
		{251227EF-5047-42CA-B559-11E7B16458D4}.Release|x86.Build.0 = Release|Win32
		{2F13AB02-DD50-48C0-B212-0F62D16EB879}.Debug|x64.ActiveCfg = Debug|x64
		{2F13AB02-DD50-48C0-B212-0F62D16EB879}.Debug|x64.Build.0 = Debug|x64
		{2F13AB02-DD50-48C0-B212-0F62D16EB879}.Debug|x86.ActiveCfg = Debug|Win32
		{2F13AB02-DD50-48C0-B212-0F62D16EB879}.Debug|x86.Build.0 = Debug|Win32
		{2F13AB02-DD50-48C0-B212-0F62D16EB879}.Release|x64.ActiveCfg = Release|x64
		{2F13AB02-DD50-48C0-B212-0F62D16EB879}.Release|x64.Build.0 = Release|x64
		{2F13AB02-DD50-48C0-B212-0F62D16EB879}.Release|x86.ActiveCfg = Release|Win32
		{2F13AB02-DD50-48C0-B212-0F62D16EB879}.Release|x86.Build.0 = Release|Win32
		{32B776CC-88E6-424B-BBB6-6BC745F095C7}.Debug|x64.ActiveCfg = Debug|x64
		{32B776CC-88E6-424B-BBB6-6BC745F095C7}.Debug|x64.Build.0 = Debug|x64
		{32B776CC-88E6-424B-BBB6-6BC745F095C7}.Debug|x86.ActiveCfg = Debug|Win32
		{32B776CC-88E6-424B-BBB6-6BC745F095C7}.Debug|x86.Build.0 = Debug|Win32
		{32B776CC-88E6-424B-BBB6-6BC745F095C7}.Release|x64.ActiveCfg = Release|x64
		{32B776CC-88E6-424B-BBB6-6BC745F095C7}.Release|x64.Build.0 = Release|x64
		{32B776CC-88E6-424B-BBB6-6BC745F095C7}.Release|x86.ActiveCfg = Release|Win32
		{32B776CC-88E6-424B-BBB6-6BC745F095C7}.Release|x86.Build.0 = Release|Win32
		{2A635483-EF26-480D-B1AF-96DCB2127CE8}.Debug|x64.ActiveCfg = Debug|x64
		{2A635483-EF26-480D-B1AF-96DCB2127CE8}.Debug|x64.Build.0 = Debug|x64
		{2A635483-EF26-480D-B1AF-96DCB2127CE8}.Debug|x86.ActiveCfg = Debug|Win32
		{2A635483-EF26-480D-B1AF-96DCB2127CE8}.Debug|x86.Build.0 = Debug|Win32
		{2A635483-EF26-480D-B1AF-96DCB2127CE8}.Release|x64.ActiveCfg = Release|x64
		{2A635483-EF26-480D-B1AF-96DCB2127CE8}.Release|x64.Build.0 = Release|x64
		{2A635483-EF26-480D-B1AF-96DCB2127CE8}.Release|x86.ActiveCfg = Release|Win32
		{2A635483-EF26-480D-B1AF-96DCB2127CE8}.Release|x86.Build.0 = Release|Win32
		{84B55895-B8E5-4E5D-886D-D2930161776B}.Debug|x64.ActiveCfg = Debug|x64
		{84B55895-B8E5-4E5D-886D-D2930161776B}.Debug|x64.Build.0 = Debug|x64
		{84B55895-B8E5-4E5D-886D-D2930161776B}.Debug|x86.ActiveCfg = Debug|Win32
		{84B55895-B8E5-4E5D-886D-D2930161776B}.Debug|x86.Build.0 = Debug|Win32
		{84B55895-B8E5-4E5D-886D-D2930161776B}.Release|x64.ActiveCfg = Release|x64
		{84B55895-B8E5-4E5D-886D-D2930161776B}.Release|x64.Build.0 = Release|x64
		{84B55895-B8E5-4E5D-886D-D2930161776B}.Release|x86.ActiveCfg = Release|Win32
		{84B55895-B8E5-4E5D-886D-D2930161776B}.Release|x86.Build.0 = Release|Win32
		{5A6B1EA9-07F0-4712-B9A4-B899E9F78967}.Debug|x64.ActiveCfg = Debug|x64
		{5A6B1EA9-07F0-4712-B9A4-B899E9F78967}.Debug|x64.Build.0 = Debug|x64
		{5A6B1EA9-07F0-4712-B9A4-B899E9F78967}.Debug|x86.ActiveCfg = Debug|Win32
		{5A6B1EA9-07F0-4712-B9A4-B899E9F78967}.Debug|x86.Build.0 = Debug|Win32
		{5A6B1EA9-07F0-4712-B9A4-B899E9F78967}.Release|x64.ActiveCfg = Release|x64
		{5A6B1EA9-07F0-4712-B9A4-B899E9F78967}.Release|x64.Build.0 = Release|x64
		{5A6B1EA9-07F0-4712-B9A4-B899E9F78967}.Release|x86.ActiveCfg = Release|Win32
		{5A6B1EA9-07F0-4712-B9A4-B899E9F78967}.Release|x86.Build.0 = Release|Win32
		{C6483E91-768C-40E8-BB11-E2534CD02310}.Debug|x64.ActiveCfg = Debug|x64
		{C6483E91-768C-40E8-BB11-E2534CD02310}.Debug|x64.Build.0 = Debug|x64
		{C6483E91-768C-40E8-BB11-E2534CD02310}.Debug|x86.ActiveCfg = Debug|Win32
		{C6483E91-768C-40E8-BB11-E2534CD02310}.Debug|x86.Build.0 = Debug|Win32
		{C6483E91-768C-40E8-BB11-E2534CD02310}.Release|x64.ActiveCfg = Release|x64
		{C6483E91-768C-40E8-BB11-E2534CD02310}.Release|x64.Build.0 = Release|x64
		{C6483E91-768C-40E8-BB11-E2534CD02310}.Release|x86.ActiveCfg = Release|Win32
		{C6483E91-768C-40E8-BB11-E2534CD02310}.Release|x86.Build.0 = Release|Win32
		{BFCA974F-60E4-4F3C-A957-9750AF9609C4}.Debug|x64.ActiveCfg = Debug|x64
		{BFCA974F-60E4-4F3C-A957-9750AF9609C4}.Debug|x64.Build.0 = Debug|x64
		{BFCA974F-60E4-4F3C-A957-9750AF9609C4}.Debug|x86.ActiveCfg = Debug|Win32
		{BFCA974F-60E4-4F3C-A957-9750AF9609C4}.Debug|x86.Build.0 = Debug|Win32
		{BFCA974F-60E4-4F3C-A957-9750AF9609C4}.Release|x64.ActiveCfg = Release|x64
		{BFCA974F-60E4-4F3C-A957-9750AF9609C4}.Release|x64.Build.0 = Release|x64
		{BFCA974F-60E4-4F3C-A957-9750AF9609C4}.Release|x86.ActiveCfg = Release|Win32
		{BFCA974F-60E4-4F3C-A957-9750AF9609C4}.Release|x86.Build.0 = Release|Win32
		{A7E43985-328C-44AF-9FBF-9F944C06CF59}.Debug|x64.ActiveCfg = Debug|x64
		{A7E43985-328C-44AF-9FBF-9F944C06CF59}.Debug|x64.Build.0 = Debug|x64
		{A7E43985-328C-44AF-9FBF-9F944C06CF59}.Debug|x86.ActiveCfg = Debug|Win32
		{A7E43985-328C-44AF-9FBF-9F944C06CF59}.Debug|x86.Build.0 = Debug|Win32
		{A7E43985-328C-44AF-9FBF-9F944C06CF59}.Release|x64.ActiveCfg = Release|x64
		{A7E43985-328C-44AF-9FBF-9F944C06CF59}.Release|x64.Build.0 = Release|x64
		{A7E43985-328C-44AF-9FBF-9F944C06CF59}.Release|x86.ActiveCfg = Release|Win32
		{A7E43985-328C-44AF-9FBF-9F944C06CF59}.Release|x86.Build.0 = Release|Win32
		{58078B0B-0D00-4FD6-9436-4C5AA44B4CF2}.Debug|x64.ActiveCfg = Debug|x64
		{58078B0B-0D00-4FD6-9436-4C5AA44B4CF2}.Debug|x64.Build.0 = Debug|x64
		{58078B0B-0D00-4FD6-9436-4C5AA44B4CF2}.Debug|x86.ActiveCfg = Debug|Win32
		{58078B0B-0D00-4FD6-9436-4C5AA44B4CF2}.Debug|x86.Build.0 = Debug|Win32
		{58078B0B-0D00-4FD6-9436-4C5AA44B4CF2}.Release|x64.ActiveCfg = Release|x64
		{58078B0B-0D00-4FD6-9436-4C5AA44B4CF2}.Release|x64.Build.0 = Release|x64
		{58078B0B-0D00-4FD6-9436-4C5AA44B4CF2}.Release|x86.ActiveCfg = Release|Win32
		{58078B0B-0D00-4FD6-9436-4C5AA44B4CF2}.Release|x86.Build.0 = Release|Win32
		{3E40257B-26B4-4A4F-9718-F6AF39970C22}.Debug|x64.ActiveCfg = Debug|x64
		{3E40257B-26B4-4A4F-9718-F6AF39970C22}.Debug|x64.Build.0 = Debug|x64
		{3E40257B-26B4-4A4F-9718-F6AF39970C22}.Debug|x86.ActiveCfg = Debug|Win32
		{3E40257B-26B4-4A4F-9718-F6AF39970C22}.Debug|x86.Build.0 = Debug|Win32
		{3E40257B-26B4-4A4F-9718-F6AF39970C22}.Release|x64.ActiveCfg = Release|x64
		{3E40257B-26B4-4A4F-9718-F6AF39970C22}.Release|x64.Build.0 = Release|x64
		{3E40257B-26B4-4A4F-9718-F6AF39970C22}.Release|x86.ActiveCfg = Release|Win32
		{3E40257B-26B4-4A4F-9718-F6AF39970C22}.Release|x86.Build.0 = Release|Win32
		{EC058155-BBBA-46AC-A164-B4EC5B6C02F2}.Debug|x64.ActiveCfg = Debug|x64
		{EC058155-BBBA-46AC-A164-B4EC5B6C02F2}.Debug|x64.Build.0 = Debug|x64
		{EC058155-BBBA-46AC-A164-B4EC5B6C02F2}.Debug|x86.ActiveCfg = Debug|Win32
		{EC058155-BBBA-46AC-A164-B4EC5B6C02F2}.Debug|x86.Build.0 = Debug|Win32
		{EC058155-BBBA-46AC-A164-B4EC5B6C02F2}.Release|x64.ActiveCfg = Release|x64
		{EC058155-BBBA-46AC-A164-B4EC5B6C02F2}.Release|x64.Build.0 = Release|x64
		{EC058155-BBBA-46AC-A164-B4EC5B6C02F2}.Release|x86.ActiveCfg = Release|Win32
		{EC058155-BBBA-46AC-A164-B4EC5B6C02F2}.Release|x86.Build.0 = Release|Win32
	EndGlobalSection
	GlobalSection(SolutionProperties) = preSolution
		HideSolutionNode = FALSE
	EndGlobalSection
	GlobalSection(NestedProjects) = preSolution
		{FBC1C5BE-A223-4A88-B463-7B5DDBF97B8F} = {A51C7A51-BCC2-45C7-AEEF-A0B2DB8BFDF8}
		{324CC535-6120-41AD-93BD-4FB8A89B6964} = {A51C7A51-BCC2-45C7-AEEF-A0B2DB8BFDF8}
		{744D5C13-FB86-4632-8CB0-D4788D0643F6} = {A51C7A51-BCC2-45C7-AEEF-A0B2DB8BFDF8}
		{548DA64B-050B-405F-8D15-B4385ADD2F8F} = {A51C7A51-BCC2-45C7-AEEF-A0B2DB8BFDF8}
		{EC4837A3-0F46-4A05-87BA-64EC0F06D9D1} = {A51C7A51-BCC2-45C7-AEEF-A0B2DB8BFDF8}
		{9AA20B14-68CF-442D-BCD6-E7D6C8D12DC1} = {490C0F2C-9431-42F9-B6B5-599D5DC0368E}
		{DD72BA6F-E969-4555-A498-F62910657ABB} = {490C0F2C-9431-42F9-B6B5-599D5DC0368E}
		{7938627B-1D96-4DA2-A9FC-FD1B29EDFCCA} = {490C0F2C-9431-42F9-B6B5-599D5DC0368E}
		{5AC69F03-EC35-4A88-ACAA-907D3C07D24E} = {490C0F2C-9431-42F9-B6B5-599D5DC0368E}
		{E7E38CED-DB49-4F56-8758-B25357B729B9} = {490C0F2C-9431-42F9-B6B5-599D5DC0368E}
		{C7A3B276-13A9-4295-8E01-177B63C7C45B} = {490C0F2C-9431-42F9-B6B5-599D5DC0368E}
		{62ADD2F2-5132-42A0-A026-873571C3E035} = {490C0F2C-9431-42F9-B6B5-599D5DC0368E}
		{91266B13-91ED-4A49-80A4-9EC13D8F62AA} = {76BBCB57-71A4-48C2-9C92-523C7C4F5BF2}
		{C5FBC8D9-2939-4093-8A13-DA71253F3ED8} = {76BBCB57-71A4-48C2-9C92-523C7C4F5BF2}
		{56A0A9D2-D1E3-4509-88A0-2D8EDA41273D} = {76BBCB57-71A4-48C2-9C92-523C7C4F5BF2}
		{7032464D-933F-4167-B050-E94369758C56} = {85DF333E-957F-4550-A210-75922496A586}
		{41A2DCC0-7183-4CC5-B40A-DFDC0D9DF83A} = {85DF333E-957F-4550-A210-75922496A586}
		{12F2C46D-6C17-4BF4-AFA2-D8BCF0F7E918} = {85DF333E-957F-4550-A210-75922496A586}
		{6A500FEF-675F-4000-BF9B-34EF56C9CDC0} = {85DF333E-957F-4550-A210-75922496A586}
		{E2CCC71E-D5C6-4B41-8146-4B8625531CD4} = {85DF333E-957F-4550-A210-75922496A586}
		{F9853D2D-7D7E-46C5-9F61-15F4AF1F3180} = {85DF333E-957F-4550-A210-75922496A586}
		{35D8CC09-305F-414D-BECD-4233208F1226} = {85DF333E-957F-4550-A210-75922496A586}
		{22E354A8-54C3-43F4-BFE2-D96920C3942A} = {85DF333E-957F-4550-A210-75922496A586}
		{746DDB1B-574B-469E-9B52-0D37F78AC964} = {85DF333E-957F-4550-A210-75922496A586}
		{399A8C6A-9BD0-4A98-A165-AD59B7A6F283} = {85DF333E-957F-4550-A210-75922496A586}
		{AC83BB52-7C6B-48AC-BF81-B2BF1158134E} = {6BF2BBDB-F9F7-43B5-A689-495FD0686AA2}
		{251227EF-5047-42CA-B559-11E7B16458D4} = {6BF2BBDB-F9F7-43B5-A689-495FD0686AA2}
		{2F13AB02-DD50-48C0-B212-0F62D16EB879} = {6BF2BBDB-F9F7-43B5-A689-495FD0686AA2}
		{32B776CC-88E6-424B-BBB6-6BC745F095C7} = {6BF2BBDB-F9F7-43B5-A689-495FD0686AA2}
		{2A635483-EF26-480D-B1AF-96DCB2127CE8} = {6BF2BBDB-F9F7-43B5-A689-495FD0686AA2}
		{84B55895-B8E5-4E5D-886D-D2930161776B} = {6BF2BBDB-F9F7-43B5-A689-495FD0686AA2}
		{5A6B1EA9-07F0-4712-B9A4-B899E9F78967} = {6BF2BBDB-F9F7-43B5-A689-495FD0686AA2}
		{C6483E91-768C-40E8-BB11-E2534CD02310} = {6BF2BBDB-F9F7-43B5-A689-495FD0686AA2}
		{BFCA974F-60E4-4F3C-A957-9750AF9609C4} = {6BF2BBDB-F9F7-43B5-A689-495FD0686AA2}
		{A7E43985-328C-44AF-9FBF-9F944C06CF59} = {6BF2BBDB-F9F7-43B5-A689-495FD0686AA2}
		{58078B0B-0D00-4FD6-9436-4C5AA44B4CF2} = {E7A7E0BC-AEEE-4984-9BB2-58BB698B4DCA}
		{3E40257B-26B4-4A4F-9718-F6AF39970C22} = {E7A7E0BC-AEEE-4984-9BB2-58BB698B4DCA}
		{EC058155-BBBA-46AC-A164-B4EC5B6C02F2} = {E7A7E0BC-AEEE-4984-9BB2-58BB698B4DCA}
	EndGlobalSection
EndGlobal
