
Microsoft Visual Studio Solution File, Format Version 12.00
# Visual Studio 14
VisualStudioVersion = 14.0.25123.0
MinimumVisualStudioVersion = 10.0.40219.1
Project("{8BC9CEB8-8B4A-11D0-8D11-00A0C91BC942}") = "LearnCPP", "LearnCPP\LearnCPP.vcxproj", "{FBC1C5BE-A223-4A88-B463-7B5DDBF97B8F}"
EndProject
Project("{8BC9CEB8-8B4A-11D0-8D11-00A0C91BC942}") = "Functions", "Functions\Functions.vcxproj", "{324CC535-6120-41AD-93BD-4FB8A89B6964}"
EndProject
Project("{8BC9CEB8-8B4A-11D0-8D11-00A0C91BC942}") = "ParametersArguments", "ParametersArguments\ParametersArguments.vcxproj", "{744D5C13-FB86-4632-8CB0-D4788D0643F6}"
EndProject
Project("{8BC9CEB8-8B4A-11D0-8D11-00A0C91BC942}") = "Calculator", "Calculator\Calculator.vcxproj", "{548DA64B-050B-405F-8D15-B4385ADD2F8F}"
EndProject
Project("{8BC9CEB8-8B4A-11D0-8D11-00A0C91BC942}") = "QuizSection1", "QuizSection1\QuizSection1.vcxproj", "{EC4837A3-0F46-4A05-87BA-64EC0F06D9D1}"
EndProject
Project("{2150E333-8FDC-42A3-9474-1A3956D46DE8}") = "Section 01", "Section 01", "{A51C7A51-BCC2-45C7-AEEF-A0B2DB8BFDF8}"
EndProject
Project("{2150E333-8FDC-42A3-9474-1A3956D46DE8}") = "Section 02", "Section 02", "{490C0F2C-9431-42F9-B6B5-599D5DC0368E}"
EndProject
Project("{8BC9CEB8-8B4A-11D0-8D11-00A0C91BC942}") = "SizeOfVariables", "SizeOfVariables\SizeOfVariables.vcxproj", "{9AA20B14-68CF-442D-BCD6-E7D6C8D12DC1}"
EndProject
Project("{8BC9CEB8-8B4A-11D0-8D11-00A0C91BC942}") = "FloatingPointNumber", "FloatingPointNumber\FloatingPointNumber.vcxproj", "{DD72BA6F-E969-4555-A498-F62910657ABB}"
EndProject
Project("{8BC9CEB8-8B4A-11D0-8D11-00A0C91BC942}") = "Booleans", "Booleans\Booleans.vcxproj", "{7938627B-1D96-4DA2-A9FC-FD1B29EDFCCA}"
EndProject
Project("{8BC9CEB8-8B4A-11D0-8D11-00A0C91BC942}") = "IfStatements", "IfStatements\IfStatements.vcxproj", "{5AC69F03-EC35-4A88-ACAA-907D3C07D24E}"
EndProject
Project("{8BC9CEB8-8B4A-11D0-8D11-00A0C91BC942}") = "PrimeNumberQuiz", "PrimeNumberQuiz\PrimeNumberQuiz.vcxproj", "{E7E38CED-DB49-4F56-8758-B25357B729B9}"
EndProject
Project("{8BC9CEB8-8B4A-11D0-8D11-00A0C91BC942}") = "Quiz_01", "Quiz_01\Quiz_01.vcxproj", "{C7A3B276-13A9-4295-8E01-177B63C7C45B}"
EndProject
Project("{8BC9CEB8-8B4A-11D0-8D11-00A0C91BC942}") = "Quiz02", "Quiz02\Quiz02.vcxproj", "{62ADD2F2-5132-42A0-A026-873571C3E035}"
EndProject
Global
	GlobalSection(SolutionConfigurationPlatforms) = preSolution
		Debug|x64 = Debug|x64
		Debug|x86 = Debug|x86
		Release|x64 = Release|x64
		Release|x86 = Release|x86
	EndGlobalSection
	GlobalSection(ProjectConfigurationPlatforms) = postSolution
		{FBC1C5BE-A223-4A88-B463-7B5DDBF97B8F}.Debug|x64.ActiveCfg = Debug|x64
		{FBC1C5BE-A223-4A88-B463-7B5DDBF97B8F}.Debug|x64.Build.0 = Debug|x64
		{FBC1C5BE-A223-4A88-B463-7B5DDBF97B8F}.Debug|x86.ActiveCfg = Debug|Win32
		{FBC1C5BE-A223-4A88-B463-7B5DDBF97B8F}.Debug|x86.Build.0 = Debug|Win32
		{FBC1C5BE-A223-4A88-B463-7B5DDBF97B8F}.Release|x64.ActiveCfg = Release|x64
		{FBC1C5BE-A223-4A88-B463-7B5DDBF97B8F}.Release|x64.Build.0 = Release|x64
		{FBC1C5BE-A223-4A88-B463-7B5DDBF97B8F}.Release|x86.ActiveCfg = Release|Win32
		{FBC1C5BE-A223-4A88-B463-7B5DDBF97B8F}.Release|x86.Build.0 = Release|Win32
		{324CC535-6120-41AD-93BD-4FB8A89B6964}.Debug|x64.ActiveCfg = Debug|x64
		{324CC535-6120-41AD-93BD-4FB8A89B6964}.Debug|x64.Build.0 = Debug|x64
		{324CC535-6120-41AD-93BD-4FB8A89B6964}.Debug|x86.ActiveCfg = Debug|Win32
		{324CC535-6120-41AD-93BD-4FB8A89B6964}.Debug|x86.Build.0 = Debug|Win32
		{324CC535-6120-41AD-93BD-4FB8A89B6964}.Release|x64.ActiveCfg = Release|x64
		{324CC535-6120-41AD-93BD-4FB8A89B6964}.Release|x64.Build.0 = Release|x64
		{324CC535-6120-41AD-93BD-4FB8A89B6964}.Release|x86.ActiveCfg = Release|Win32
		{324CC535-6120-41AD-93BD-4FB8A89B6964}.Release|x86.Build.0 = Release|Win32
		{744D5C13-FB86-4632-8CB0-D4788D0643F6}.Debug|x64.ActiveCfg = Debug|x64
		{744D5C13-FB86-4632-8CB0-D4788D0643F6}.Debug|x64.Build.0 = Debug|x64
		{744D5C13-FB86-4632-8CB0-D4788D0643F6}.Debug|x86.ActiveCfg = Debug|Win32
		{744D5C13-FB86-4632-8CB0-D4788D0643F6}.Debug|x86.Build.0 = Debug|Win32
		{744D5C13-FB86-4632-8CB0-D4788D0643F6}.Release|x64.ActiveCfg = Release|x64
		{744D5C13-FB86-4632-8CB0-D4788D0643F6}.Release|x64.Build.0 = Release|x64
		{744D5C13-FB86-4632-8CB0-D4788D0643F6}.Release|x86.ActiveCfg = Release|Win32
		{744D5C13-FB86-4632-8CB0-D4788D0643F6}.Release|x86.Build.0 = Release|Win32
		{548DA64B-050B-405F-8D15-B4385ADD2F8F}.Debug|x64.ActiveCfg = Debug|x64
		{548DA64B-050B-405F-8D15-B4385ADD2F8F}.Debug|x64.Build.0 = Debug|x64
		{548DA64B-050B-405F-8D15-B4385ADD2F8F}.Debug|x86.ActiveCfg = Debug|Win32
		{548DA64B-050B-405F-8D15-B4385ADD2F8F}.Debug|x86.Build.0 = Debug|Win32
		{548DA64B-050B-405F-8D15-B4385ADD2F8F}.Release|x64.ActiveCfg = Release|x64
		{548DA64B-050B-405F-8D15-B4385ADD2F8F}.Release|x64.Build.0 = Release|x64
		{548DA64B-050B-405F-8D15-B4385ADD2F8F}.Release|x86.ActiveCfg = Release|Win32
		{548DA64B-050B-405F-8D15-B4385ADD2F8F}.Release|x86.Build.0 = Release|Win32
		{EC4837A3-0F46-4A05-87BA-64EC0F06D9D1}.Debug|x64.ActiveCfg = Debug|x64
		{EC4837A3-0F46-4A05-87BA-64EC0F06D9D1}.Debug|x64.Build.0 = Debug|x64
		{EC4837A3-0F46-4A05-87BA-64EC0F06D9D1}.Debug|x86.ActiveCfg = Debug|Win32
		{EC4837A3-0F46-4A05-87BA-64EC0F06D9D1}.Debug|x86.Build.0 = Debug|Win32
		{EC4837A3-0F46-4A05-87BA-64EC0F06D9D1}.Release|x64.ActiveCfg = Release|x64
		{EC4837A3-0F46-4A05-87BA-64EC0F06D9D1}.Release|x64.Build.0 = Release|x64
		{EC4837A3-0F46-4A05-87BA-64EC0F06D9D1}.Release|x86.ActiveCfg = Release|Win32
		{EC4837A3-0F46-4A05-87BA-64EC0F06D9D1}.Release|x86.Build.0 = Release|Win32
		{9AA20B14-68CF-442D-BCD6-E7D6C8D12DC1}.Debug|x64.ActiveCfg = Debug|x64
		{9AA20B14-68CF-442D-BCD6-E7D6C8D12DC1}.Debug|x64.Build.0 = Debug|x64
		{9AA20B14-68CF-442D-BCD6-E7D6C8D12DC1}.Debug|x86.ActiveCfg = Debug|Win32
		{9AA20B14-68CF-442D-BCD6-E7D6C8D12DC1}.Debug|x86.Build.0 = Debug|Win32
		{9AA20B14-68CF-442D-BCD6-E7D6C8D12DC1}.Release|x64.ActiveCfg = Release|x64
		{9AA20B14-68CF-442D-BCD6-E7D6C8D12DC1}.Release|x64.Build.0 = Release|x64
		{9AA20B14-68CF-442D-BCD6-E7D6C8D12DC1}.Release|x86.ActiveCfg = Release|Win32
		{9AA20B14-68CF-442D-BCD6-E7D6C8D12DC1}.Release|x86.Build.0 = Release|Win32
		{DD72BA6F-E969-4555-A498-F62910657ABB}.Debug|x64.ActiveCfg = Debug|x64
		{DD72BA6F-E969-4555-A498-F62910657ABB}.Debug|x64.Build.0 = Debug|x64
		{DD72BA6F-E969-4555-A498-F62910657ABB}.Debug|x86.ActiveCfg = Debug|Win32
		{DD72BA6F-E969-4555-A498-F62910657ABB}.Debug|x86.Build.0 = Debug|Win32
		{DD72BA6F-E969-4555-A498-F62910657ABB}.Release|x64.ActiveCfg = Release|x64
		{DD72BA6F-E969-4555-A498-F62910657ABB}.Release|x64.Build.0 = Release|x64
		{DD72BA6F-E969-4555-A498-F62910657ABB}.Release|x86.ActiveCfg = Release|Win32
		{DD72BA6F-E969-4555-A498-F62910657ABB}.Release|x86.Build.0 = Release|Win32
		{7938627B-1D96-4DA2-A9FC-FD1B29EDFCCA}.Debug|x64.ActiveCfg = Debug|x64
		{7938627B-1D96-4DA2-A9FC-FD1B29EDFCCA}.Debug|x64.Build.0 = Debug|x64
		{7938627B-1D96-4DA2-A9FC-FD1B29EDFCCA}.Debug|x86.ActiveCfg = Debug|Win32
		{7938627B-1D96-4DA2-A9FC-FD1B29EDFCCA}.Debug|x86.Build.0 = Debug|Win32
		{7938627B-1D96-4DA2-A9FC-FD1B29EDFCCA}.Release|x64.ActiveCfg = Release|x64
		{7938627B-1D96-4DA2-A9FC-FD1B29EDFCCA}.Release|x64.Build.0 = Release|x64
		{7938627B-1D96-4DA2-A9FC-FD1B29EDFCCA}.Release|x86.ActiveCfg = Release|Win32
		{7938627B-1D96-4DA2-A9FC-FD1B29EDFCCA}.Release|x86.Build.0 = Release|Win32
		{5AC69F03-EC35-4A88-ACAA-907D3C07D24E}.Debug|x64.ActiveCfg = Debug|x64
		{5AC69F03-EC35-4A88-ACAA-907D3C07D24E}.Debug|x64.Build.0 = Debug|x64
		{5AC69F03-EC35-4A88-ACAA-907D3C07D24E}.Debug|x86.ActiveCfg = Debug|Win32
		{5AC69F03-EC35-4A88-ACAA-907D3C07D24E}.Debug|x86.Build.0 = Debug|Win32
		{5AC69F03-EC35-4A88-ACAA-907D3C07D24E}.Release|x64.ActiveCfg = Release|x64
		{5AC69F03-EC35-4A88-ACAA-907D3C07D24E}.Release|x64.Build.0 = Release|x64
		{5AC69F03-EC35-4A88-ACAA-907D3C07D24E}.Release|x86.ActiveCfg = Release|Win32
		{5AC69F03-EC35-4A88-ACAA-907D3C07D24E}.Release|x86.Build.0 = Release|Win32
		{E7E38CED-DB49-4F56-8758-B25357B729B9}.Debug|x64.ActiveCfg = Debug|x64
		{E7E38CED-DB49-4F56-8758-B25357B729B9}.Debug|x64.Build.0 = Debug|x64
		{E7E38CED-DB49-4F56-8758-B25357B729B9}.Debug|x86.ActiveCfg = Debug|Win32
		{E7E38CED-DB49-4F56-8758-B25357B729B9}.Debug|x86.Build.0 = Debug|Win32
		{E7E38CED-DB49-4F56-8758-B25357B729B9}.Release|x64.ActiveCfg = Release|x64
		{E7E38CED-DB49-4F56-8758-B25357B729B9}.Release|x64.Build.0 = Release|x64
		{E7E38CED-DB49-4F56-8758-B25357B729B9}.Release|x86.ActiveCfg = Release|Win32
		{E7E38CED-DB49-4F56-8758-B25357B729B9}.Release|x86.Build.0 = Release|Win32
		{C7A3B276-13A9-4295-8E01-177B63C7C45B}.Debug|x64.ActiveCfg = Debug|x64
		{C7A3B276-13A9-4295-8E01-177B63C7C45B}.Debug|x64.Build.0 = Debug|x64
		{C7A3B276-13A9-4295-8E01-177B63C7C45B}.Debug|x86.ActiveCfg = Debug|Win32
		{C7A3B276-13A9-4295-8E01-177B63C7C45B}.Debug|x86.Build.0 = Debug|Win32
		{C7A3B276-13A9-4295-8E01-177B63C7C45B}.Release|x64.ActiveCfg = Release|x64
		{C7A3B276-13A9-4295-8E01-177B63C7C45B}.Release|x64.Build.0 = Release|x64
		{C7A3B276-13A9-4295-8E01-177B63C7C45B}.Release|x86.ActiveCfg = Release|Win32
		{C7A3B276-13A9-4295-8E01-177B63C7C45B}.Release|x86.Build.0 = Release|Win32
		{62ADD2F2-5132-42A0-A026-873571C3E035}.Debug|x64.ActiveCfg = Debug|x64
		{62ADD2F2-5132-42A0-A026-873571C3E035}.Debug|x64.Build.0 = Debug|x64
		{62ADD2F2-5132-42A0-A026-873571C3E035}.Debug|x86.ActiveCfg = Debug|Win32
		{62ADD2F2-5132-42A0-A026-873571C3E035}.Debug|x86.Build.0 = Debug|Win32
		{62ADD2F2-5132-42A0-A026-873571C3E035}.Release|x64.ActiveCfg = Release|x64
		{62ADD2F2-5132-42A0-A026-873571C3E035}.Release|x64.Build.0 = Release|x64
		{62ADD2F2-5132-42A0-A026-873571C3E035}.Release|x86.ActiveCfg = Release|Win32
		{62ADD2F2-5132-42A0-A026-873571C3E035}.Release|x86.Build.0 = Release|Win32
	EndGlobalSection
	GlobalSection(SolutionProperties) = preSolution
		HideSolutionNode = FALSE
	EndGlobalSection
	GlobalSection(NestedProjects) = preSolution
		{FBC1C5BE-A223-4A88-B463-7B5DDBF97B8F} = {A51C7A51-BCC2-45C7-AEEF-A0B2DB8BFDF8}
		{324CC535-6120-41AD-93BD-4FB8A89B6964} = {A51C7A51-BCC2-45C7-AEEF-A0B2DB8BFDF8}
		{744D5C13-FB86-4632-8CB0-D4788D0643F6} = {A51C7A51-BCC2-45C7-AEEF-A0B2DB8BFDF8}
		{548DA64B-050B-405F-8D15-B4385ADD2F8F} = {A51C7A51-BCC2-45C7-AEEF-A0B2DB8BFDF8}
		{EC4837A3-0F46-4A05-87BA-64EC0F06D9D1} = {A51C7A51-BCC2-45C7-AEEF-A0B2DB8BFDF8}
		{9AA20B14-68CF-442D-BCD6-E7D6C8D12DC1} = {490C0F2C-9431-42F9-B6B5-599D5DC0368E}
		{DD72BA6F-E969-4555-A498-F62910657ABB} = {490C0F2C-9431-42F9-B6B5-599D5DC0368E}
		{7938627B-1D96-4DA2-A9FC-FD1B29EDFCCA} = {490C0F2C-9431-42F9-B6B5-599D5DC0368E}
		{5AC69F03-EC35-4A88-ACAA-907D3C07D24E} = {490C0F2C-9431-42F9-B6B5-599D5DC0368E}
		{E7E38CED-DB49-4F56-8758-B25357B729B9} = {490C0F2C-9431-42F9-B6B5-599D5DC0368E}
		{C7A3B276-13A9-4295-8E01-177B63C7C45B} = {490C0F2C-9431-42F9-B6B5-599D5DC0368E}
		{62ADD2F2-5132-42A0-A026-873571C3E035} = {490C0F2C-9431-42F9-B6B5-599D5DC0368E}
	EndGlobalSection
EndGlobal
